
Microsoft Visual Studio Solution File, Format Version 12.00
# Visual Studio Version 17
VisualStudioVersion = 17.8.34525.116
MinimumVisualStudioVersion = 10.0.40219.1
Project("{FAE04EC0-301F-11D3-BF4B-00C04F79EFBC}") = "CapaPresentacion", "..\CapaPresentacion\CapaPresentacion.csproj", "{82E69726-3F48-4AA4-8884-D89DEC5F3E51}"
EndProject
Project("{FAE04EC0-301F-11D3-BF4B-00C04F79EFBC}") = "CapaDatosF", "..\CapaDatosF\CapaDatosF.csproj", "{FB333B97-45D1-4D8D-93F5-170D6EB6D6D6}"
EndProject
Project("{FAE04EC0-301F-11D3-BF4B-00C04F79EFBC}") = "CapaEntidadF", "..\CapaEntidadF\CapaEntidadF.csproj", "{8C8E2855-4E00-48FE-A53A-C33165992523}"
EndProject
Project("{FAE04EC0-301F-11D3-BF4B-00C04F79EFBC}") = "CapaNegocioF", "..\CapaNegocioF\CapaNegocioF.csproj", "{4ECE5FB2-3EF7-405C-BCE2-6148F8AB4CFD}"
EndProject
Global
	GlobalSection(SolutionConfigurationPlatforms) = preSolution
		Debug|Any CPU = Debug|Any CPU
		Release|Any CPU = Release|Any CPU
	EndGlobalSection
	GlobalSection(ProjectConfigurationPlatforms) = postSolution
		{82E69726-3F48-4AA4-8884-D89DEC5F3E51}.Debug|Any CPU.ActiveCfg = Debug|Any CPU
		{82E69726-3F48-4AA4-8884-D89DEC5F3E51}.Debug|Any CPU.Build.0 = Debug|Any CPU
		{82E69726-3F48-4AA4-8884-D89DEC5F3E51}.Release|Any CPU.ActiveCfg = Release|Any CPU
		{82E69726-3F48-4AA4-8884-D89DEC5F3E51}.Release|Any CPU.Build.0 = Release|Any CPU
		{FB333B97-45D1-4D8D-93F5-170D6EB6D6D6}.Debug|Any CPU.ActiveCfg = Debug|Any CPU
		{FB333B97-45D1-4D8D-93F5-170D6EB6D6D6}.Debug|Any CPU.Build.0 = Debug|Any CPU
		{FB333B97-45D1-4D8D-93F5-170D6EB6D6D6}.Release|Any CPU.ActiveCfg = Release|Any CPU
		{FB333B97-45D1-4D8D-93F5-170D6EB6D6D6}.Release|Any CPU.Build.0 = Release|Any CPU
		{8C8E2855-4E00-48FE-A53A-C33165992523}.Debug|Any CPU.ActiveCfg = Debug|Any CPU
		{8C8E2855-4E00-48FE-A53A-C33165992523}.Debug|Any CPU.Build.0 = Debug|Any CPU
		{8C8E2855-4E00-48FE-A53A-C33165992523}.Release|Any CPU.ActiveCfg = Release|Any CPU
		{8C8E2855-4E00-48FE-A53A-C33165992523}.Release|Any CPU.Build.0 = Release|Any CPU
		{4ECE5FB2-3EF7-405C-BCE2-6148F8AB4CFD}.Debug|Any CPU.ActiveCfg = Debug|Any CPU
		{4ECE5FB2-3EF7-405C-BCE2-6148F8AB4CFD}.Debug|Any CPU.Build.0 = Debug|Any CPU
		{4ECE5FB2-3EF7-405C-BCE2-6148F8AB4CFD}.Release|Any CPU.ActiveCfg = Release|Any CPU
		{4ECE5FB2-3EF7-405C-BCE2-6148F8AB4CFD}.Release|Any CPU.Build.0 = Release|Any CPU
	EndGlobalSection
	GlobalSection(SolutionProperties) = preSolution
		HideSolutionNode = FALSE
	EndGlobalSection
	GlobalSection(ExtensibilityGlobals) = postSolution
		SolutionGuid = {58C52925-0610-41E7-A95E-1399E5FC6DEC}
	EndGlobalSection
EndGlobal
